{
  "name": "frontend",
  "lockfileVersion": 2,
  "requires": true,
  "packages": {
    "": {
      "dependencies": {
        "rush": "^0.0.2"
      }
    },
    "node_modules/rush": {
      "version": "0.0.2",
      "resolved": "https://registry.npmjs.org/rush/-/rush-0.0.2.tgz",
      "integrity": "sha512-MEZkMuqpstKer1880UmZkamf8Fk8vpWUPv3dO45pC2ZzvVs42XCvmCAu25Ji8Teyd6LI7bpU+BPecm1T615zJA==",
      "engines": {
        "node": "*"
      }
    }
  },
  "dependencies": {
    "rush": {
      "version": "0.0.2",
      "resolved": "https://registry.npmjs.org/rush/-/rush-0.0.2.tgz",
      "integrity": "sha512-MEZkMuqpstKer1880UmZkamf8Fk8vpWUPv3dO45pC2ZzvVs42XCvmCAu25Ji8Teyd6LI7bpU+BPecm1T615zJA=="
    }
  }
}
